
Microsoft Visual Studio Solution File, Format Version 12.00
# Visual Studio Version 17
VisualStudioVersion = 17.3.32901.215
MinimumVisualStudioVersion = 10.0.40219.1
Project("{FAE04EC0-301F-11D3-BF4B-00C04F79EFBC}") = "Shoppers12", "Shoppers12\Shoppers12.csproj", "{69D49069-E09C-4C16-A898-57587E189258}"
EndProject
Global
	GlobalSection(SolutionConfigurationPlatforms) = preSolution
		Debug|Any CPU = Debug|Any CPU
		Release|Any CPU = Release|Any CPU
	EndGlobalSection
	GlobalSection(ProjectConfigurationPlatforms) = postSolution
		{69D49069-E09C-4C16-A898-57587E189258}.Debug|Any CPU.ActiveCfg = Debug|Any CPU
		{69D49069-E09C-4C16-A898-57587E189258}.Debug|Any CPU.Build.0 = Debug|Any CPU
		{69D49069-E09C-4C16-A898-57587E189258}.Release|Any CPU.ActiveCfg = Release|Any CPU
		{69D49069-E09C-4C16-A898-57587E189258}.Release|Any CPU.Build.0 = Release|Any CPU
	EndGlobalSection
	GlobalSection(SolutionProperties) = preSolution
		HideSolutionNode = FALSE
	EndGlobalSection
	GlobalSection(ExtensibilityGlobals) = postSolution
		SolutionGuid = {1530878D-7384-4953-976C-EF1F0F58AA10}
	EndGlobalSection
EndGlobal
